
Microsoft Visual Studio Solution File, Format Version 12.00
# Visual Studio 14
VisualStudioVersion = 14.0.25123.0
MinimumVisualStudioVersion = 10.0.40219.1
Project("{FAE04EC0-301F-11D3-BF4B-00C04F79EFBC}") = "WidgetApi", "WebApplication3\WidgetApi.csproj", "{0E9BEAB8-7869-4188-A9E3-41C4C0A2921A}"
EndProject
Project("{FAE04EC0-301F-11D3-BF4B-00C04F79EFBC}") = "WidgetApi.Tests", "WebApplication3.Tests\WidgetApi.Tests.csproj", "{8071CB93-45B4-47FA-887F-CE1B8E68FCA2}"
EndProject
Global
	GlobalSection(SolutionConfigurationPlatforms) = preSolution
		Debug|Any CPU = Debug|Any CPU
		Release|Any CPU = Release|Any CPU
	EndGlobalSection
	GlobalSection(ProjectConfigurationPlatforms) = postSolution
		{0E9BEAB8-7869-4188-A9E3-41C4C0A2921A}.Debug|Any CPU.ActiveCfg = Debug|Any CPU
		{0E9BEAB8-7869-4188-A9E3-41C4C0A2921A}.Debug|Any CPU.Build.0 = Debug|Any CPU
		{0E9BEAB8-7869-4188-A9E3-41C4C0A2921A}.Release|Any CPU.ActiveCfg = Release|Any CPU
		{0E9BEAB8-7869-4188-A9E3-41C4C0A2921A}.Release|Any CPU.Build.0 = Release|Any CPU
		{8071CB93-45B4-47FA-887F-CE1B8E68FCA2}.Debug|Any CPU.ActiveCfg = Debug|Any CPU
		{8071CB93-45B4-47FA-887F-CE1B8E68FCA2}.Debug|Any CPU.Build.0 = Debug|Any CPU
		{8071CB93-45B4-47FA-887F-CE1B8E68FCA2}.Release|Any CPU.ActiveCfg = Release|Any CPU
		{8071CB93-45B4-47FA-887F-CE1B8E68FCA2}.Release|Any CPU.Build.0 = Release|Any CPU
	EndGlobalSection
	GlobalSection(SolutionProperties) = preSolution
		HideSolutionNode = FALSE
	EndGlobalSection
EndGlobal
